{
  "version": "3",
  "packages": {
    "specifiers": {
      "npm:ws": "npm:ws@8.16.0"
    },
    "npm": {
      "ws@8.16.0": {
        "integrity": "sha512-HS0c//TP7Ina87TfiPUz1rQzMhHrl/SG2guqRcTOIUYD2q8uhUdNHZYJUaQ8aTGPzCh+c6oawMKW35nFl1dxyQ==",
        "dependencies": {}
      }
    }
  },
  "remote": {}
}
